
Microsoft Visual Studio Solution File, Format Version 12.00
# Visual Studio Version 17
VisualStudioVersion = 17.0.31903.59
MinimumVisualStudioVersion = 10.0.40219.1
Project("{2150E333-8FDC-42A3-9474-1A3956D46DE8}") = "Documentation", "Documentation", "{DFA73437-B031-4122-9524-327EE8A98F88}"
	ProjectSection(SolutionItems) = preProject
		Documentation\Clients.md = Documentation\Clients.md
		Documentation\Links.txt = Documentation\Links.txt
		..\README.md = ..\README.md
	EndProjectSection
EndProject
Project("{FAE04EC0-301F-11D3-BF4B-00C04F79EFBC}") = "L2Dn.Protocol", "L2Dn.Protocol\L2Dn.Protocol.csproj", "{9CE64212-70CD-4B05-B0FF-40CED4939EF8}"
EndProject
Project("{FAE04EC0-301F-11D3-BF4B-00C04F79EFBC}") = "L2Dn.AuthServer", "L2Dn.AuthServer\L2Dn.AuthServer.csproj", "{44FBD2D2-EB06-4B69-A8CB-43ECEC193451}"
EndProject
Project("{FAE04EC0-301F-11D3-BF4B-00C04F79EFBC}") = "L2Dn.GameServer", "L2Dn.GameServer\L2Dn.GameServer.csproj", "{A1D21622-E198-4AD7-9C64-4B9DB7311ADF}"
EndProject
Project("{FAE04EC0-301F-11D3-BF4B-00C04F79EFBC}") = "L2Dn.UnitTests", "L2Dn.UnitTests\L2Dn.UnitTests.csproj", "{34959900-A036-4788-92C2-09784738BC50}"
EndProject
Project("{FAE04EC0-301F-11D3-BF4B-00C04F79EFBC}") = "L2Dn.Cryptography", "L2Dn.Cryptography\L2Dn.Cryptography.csproj", "{78ADB5BF-4BF5-4881-802C-F43FECF22562}"
EndProject
Project("{FAE04EC0-301F-11D3-BF4B-00C04F79EFBC}") = "L2Dn.Packages", "L2Dn.Packages\L2Dn.Packages.csproj", "{6CF11849-E3A1-4C28-BC6D-B8F178AD2CE9}"
EndProject
Project("{FAE04EC0-301F-11D3-BF4B-00C04F79EFBC}") = "L2Dn.Common", "L2Dn.Common\L2Dn.Common.csproj", "{869C2E73-C623-4FEC-BB1D-4EEA50151D77}"
EndProject
Project("{FAE04EC0-301F-11D3-BF4B-00C04F79EFBC}") = "L2Dn.AuthServer.Db", "L2Dn.AuthServer.Db\L2Dn.AuthServer.Db.csproj", "{08A89FD1-ADE8-495D-84B0-30A4A4AEFFC4}"
EndProject
Project("{FAE04EC0-301F-11D3-BF4B-00C04F79EFBC}") = "L2Dn.GameServer.Db", "L2Dn.GameServer.Db\L2Dn.GameServer.Db.csproj", "{E9336906-23E6-4B08-9198-8A71D428A115}"
EndProject
Project("{FAE04EC0-301F-11D3-BF4B-00C04F79EFBC}") = "L2Dn.Model", "L2Dn.Model\L2Dn.Model.csproj", "{18FC3AFF-D35C-4E80-9935-AF065106DDC9}"
EndProject
Project("{FAE04EC0-301F-11D3-BF4B-00C04F79EFBC}") = "L2Dn.GameServer.Model", "L2Dn.GameServer.Model\L2Dn.GameServer.Model.csproj", "{9317B267-DE13-4F43-9F70-3FDD1CEC1C7A}"
EndProject
Project("{FAE04EC0-301F-11D3-BF4B-00C04F79EFBC}") = "L2Dn.GameServer.Scripts", "L2Dn.GameServer.Scripts\L2Dn.GameServer.Scripts.csproj", "{3C481907-5B17-42B7-939A-AEA051AB413F}"
EndProject
Project("{2150E333-8FDC-42A3-9474-1A3956D46DE8}") = "Tools", "Tools", "{D0D1C649-0380-4215-BB98-E9CB894967FE}"
EndProject
Project("{FAE04EC0-301F-11D3-BF4B-00C04F79EFBC}") = "BuildDataPackDb", "Tools\BuildDataPackDb\BuildDataPackDb.csproj", "{E5F30E23-AABE-4765-99F3-035FC63944B3}"
EndProject
Project("{2150E333-8FDC-42A3-9474-1A3956D46DE8}") = "Scripts", "Scripts", "{4C41288F-D39F-4491-894F-DE5C84553384}"
	ProjectSection(SolutionItems) = preProject
		Scripts\GenerateHashJson.ps1 = Scripts\GenerateHashJson.ps1
	EndProjectSection
EndProject
Project("{FAE04EC0-301F-11D3-BF4B-00C04F79EFBC}") = "L2Dn.DataPack.Editor", "Tools\L2Dn.DataPack.Editor\L2Dn.DataPack.Editor.csproj", "{952801F8-615D-4E52-A518-F54D53DD89DE}"
EndProject
Project("{FAE04EC0-301F-11D3-BF4B-00C04F79EFBC}") = "L2Dn.DataPack.Db", "Tools\L2Dn.DataPack.Db\L2Dn.DataPack.Db.csproj", "{A588F5B3-3579-411B-BC79-DD8BD8485C49}"
EndProject
Project("{FAE04EC0-301F-11D3-BF4B-00C04F79EFBC}") = "L2Dn.Dashboard", "L2Dn.Dashboard\L2Dn.Dashboard.csproj", "{63037FFC-F426-456D-8871-418278F5756C}"
EndProject
Project("{2150E333-8FDC-42A3-9474-1A3956D46DE8}") = "Tests", "Tests", "{29B5F656-D89D-4AE7-B351-06889E5C5B37}"
EndProject
Project("{FAE04EC0-301F-11D3-BF4B-00C04F79EFBC}") = "L2Dn.GameServer.Model.Tests", "Tests\L2Dn.GameServer.Model.Tests\L2Dn.GameServer.Model.Tests.csproj", "{71EA3F74-C4C1-43A9-B498-755F8097AE9F}"
EndProject
Project("{FAE04EC0-301F-11D3-BF4B-00C04F79EFBC}") = "L2Dn.Unsafe", "L2Dn.Unsafe\L2Dn.Unsafe.csproj", "{B86895C9-7291-4B71-A52C-60E238AD2DA4}"
EndProject
Project("{FAE04EC0-301F-11D3-BF4B-00C04F79EFBC}") = "L2Dn.Unsafe.Tests", "Tests\L2Dn.Unsafe.Tests\L2Dn.Unsafe.Tests.csproj", "{0E569B5D-F6B6-4AC1-A862-2AC03CD46B74}"
EndProject
Project("{FAE04EC0-301F-11D3-BF4B-00C04F79EFBC}") = "L2Dn.Common.Tests", "Tests\L2Dn.Common.Tests\L2Dn.Common.Tests.csproj", "{D357C296-12E2-4236-91D3-9606971B16E6}"
EndProject
Project("{FAE04EC0-301F-11D3-BF4B-00C04F79EFBC}") = "XmlSchemaGenerator", "Tools\XmlSchemaGenerator\XmlSchemaGenerator.csproj", "{C514CAD0-5EE3-4F20-AD08-4A5E497F9008}"
EndProject
Project("{FAE04EC0-301F-11D3-BF4B-00C04F79EFBC}") = "L2Dn.GameServer.StaticData", "L2Dn.GameServer.StaticData\L2Dn.GameServer.StaticData.csproj", "{D5E6D3C1-01B2-4A88-BDB1-58192B7D6FB7}"
EndProject
Project("{FAE04EC0-301F-11D3-BF4B-00C04F79EFBC}") = "L2Dn.GameServer.StaticData.Tests", "Tests\L2Dn.GameServer.StaticData.Tests\L2Dn.GameServer.StaticData.Tests.csproj", "{FF3F1BE5-BB87-4B63-8EC7-52FAE76542B7}"
EndProject
Global
	GlobalSection(SolutionConfigurationPlatforms) = preSolution
		Debug|Any CPU = Debug|Any CPU
		Release|Any CPU = Release|Any CPU
	EndGlobalSection
	GlobalSection(SolutionProperties) = preSolution
		HideSolutionNode = FALSE
	EndGlobalSection
	GlobalSection(ProjectConfigurationPlatforms) = postSolution
		{9CE64212-70CD-4B05-B0FF-40CED4939EF8}.Debug|Any CPU.ActiveCfg = Debug|Any CPU
		{9CE64212-70CD-4B05-B0FF-40CED4939EF8}.Debug|Any CPU.Build.0 = Debug|Any CPU
		{9CE64212-70CD-4B05-B0FF-40CED4939EF8}.Release|Any CPU.ActiveCfg = Release|Any CPU
		{9CE64212-70CD-4B05-B0FF-40CED4939EF8}.Release|Any CPU.Build.0 = Release|Any CPU
		{44FBD2D2-EB06-4B69-A8CB-43ECEC193451}.Debug|Any CPU.ActiveCfg = Debug|Any CPU
		{44FBD2D2-EB06-4B69-A8CB-43ECEC193451}.Debug|Any CPU.Build.0 = Debug|Any CPU
		{44FBD2D2-EB06-4B69-A8CB-43ECEC193451}.Release|Any CPU.ActiveCfg = Release|Any CPU
		{44FBD2D2-EB06-4B69-A8CB-43ECEC193451}.Release|Any CPU.Build.0 = Release|Any CPU
		{A1D21622-E198-4AD7-9C64-4B9DB7311ADF}.Debug|Any CPU.ActiveCfg = Debug|Any CPU
		{A1D21622-E198-4AD7-9C64-4B9DB7311ADF}.Debug|Any CPU.Build.0 = Debug|Any CPU
		{A1D21622-E198-4AD7-9C64-4B9DB7311ADF}.Release|Any CPU.ActiveCfg = Release|Any CPU
		{A1D21622-E198-4AD7-9C64-4B9DB7311ADF}.Release|Any CPU.Build.0 = Release|Any CPU
		{34959900-A036-4788-92C2-09784738BC50}.Debug|Any CPU.ActiveCfg = Debug|Any CPU
		{34959900-A036-4788-92C2-09784738BC50}.Debug|Any CPU.Build.0 = Debug|Any CPU
		{34959900-A036-4788-92C2-09784738BC50}.Release|Any CPU.ActiveCfg = Release|Any CPU
		{34959900-A036-4788-92C2-09784738BC50}.Release|Any CPU.Build.0 = Release|Any CPU
		{78ADB5BF-4BF5-4881-802C-F43FECF22562}.Debug|Any CPU.ActiveCfg = Debug|Any CPU
		{78ADB5BF-4BF5-4881-802C-F43FECF22562}.Debug|Any CPU.Build.0 = Debug|Any CPU
		{78ADB5BF-4BF5-4881-802C-F43FECF22562}.Release|Any CPU.ActiveCfg = Release|Any CPU
		{78ADB5BF-4BF5-4881-802C-F43FECF22562}.Release|Any CPU.Build.0 = Release|Any CPU
		{6CF11849-E3A1-4C28-BC6D-B8F178AD2CE9}.Debug|Any CPU.ActiveCfg = Debug|Any CPU
		{6CF11849-E3A1-4C28-BC6D-B8F178AD2CE9}.Debug|Any CPU.Build.0 = Debug|Any CPU
		{6CF11849-E3A1-4C28-BC6D-B8F178AD2CE9}.Release|Any CPU.ActiveCfg = Release|Any CPU
		{6CF11849-E3A1-4C28-BC6D-B8F178AD2CE9}.Release|Any CPU.Build.0 = Release|Any CPU
		{869C2E73-C623-4FEC-BB1D-4EEA50151D77}.Debug|Any CPU.ActiveCfg = Debug|Any CPU
		{869C2E73-C623-4FEC-BB1D-4EEA50151D77}.Debug|Any CPU.Build.0 = Debug|Any CPU
		{869C2E73-C623-4FEC-BB1D-4EEA50151D77}.Release|Any CPU.ActiveCfg = Release|Any CPU
		{869C2E73-C623-4FEC-BB1D-4EEA50151D77}.Release|Any CPU.Build.0 = Release|Any CPU
		{08A89FD1-ADE8-495D-84B0-30A4A4AEFFC4}.Debug|Any CPU.ActiveCfg = Debug|Any CPU
		{08A89FD1-ADE8-495D-84B0-30A4A4AEFFC4}.Debug|Any CPU.Build.0 = Debug|Any CPU
		{08A89FD1-ADE8-495D-84B0-30A4A4AEFFC4}.Release|Any CPU.ActiveCfg = Release|Any CPU
		{08A89FD1-ADE8-495D-84B0-30A4A4AEFFC4}.Release|Any CPU.Build.0 = Release|Any CPU
		{E9336906-23E6-4B08-9198-8A71D428A115}.Debug|Any CPU.ActiveCfg = Debug|Any CPU
		{E9336906-23E6-4B08-9198-8A71D428A115}.Debug|Any CPU.Build.0 = Debug|Any CPU
		{E9336906-23E6-4B08-9198-8A71D428A115}.Release|Any CPU.ActiveCfg = Release|Any CPU
		{E9336906-23E6-4B08-9198-8A71D428A115}.Release|Any CPU.Build.0 = Release|Any CPU
		{18FC3AFF-D35C-4E80-9935-AF065106DDC9}.Debug|Any CPU.ActiveCfg = Debug|Any CPU
		{18FC3AFF-D35C-4E80-9935-AF065106DDC9}.Debug|Any CPU.Build.0 = Debug|Any CPU
		{18FC3AFF-D35C-4E80-9935-AF065106DDC9}.Release|Any CPU.ActiveCfg = Release|Any CPU
		{18FC3AFF-D35C-4E80-9935-AF065106DDC9}.Release|Any CPU.Build.0 = Release|Any CPU
		{9317B267-DE13-4F43-9F70-3FDD1CEC1C7A}.Debug|Any CPU.ActiveCfg = Debug|Any CPU
		{9317B267-DE13-4F43-9F70-3FDD1CEC1C7A}.Debug|Any CPU.Build.0 = Debug|Any CPU
		{9317B267-DE13-4F43-9F70-3FDD1CEC1C7A}.Release|Any CPU.ActiveCfg = Release|Any CPU
		{9317B267-DE13-4F43-9F70-3FDD1CEC1C7A}.Release|Any CPU.Build.0 = Release|Any CPU
		{3C481907-5B17-42B7-939A-AEA051AB413F}.Debug|Any CPU.ActiveCfg = Debug|Any CPU
		{3C481907-5B17-42B7-939A-AEA051AB413F}.Debug|Any CPU.Build.0 = Debug|Any CPU
		{3C481907-5B17-42B7-939A-AEA051AB413F}.Release|Any CPU.ActiveCfg = Release|Any CPU
		{3C481907-5B17-42B7-939A-AEA051AB413F}.Release|Any CPU.Build.0 = Release|Any CPU
		{E5F30E23-AABE-4765-99F3-035FC63944B3}.Debug|Any CPU.ActiveCfg = Debug|Any CPU
		{E5F30E23-AABE-4765-99F3-035FC63944B3}.Debug|Any CPU.Build.0 = Debug|Any CPU
		{E5F30E23-AABE-4765-99F3-035FC63944B3}.Release|Any CPU.ActiveCfg = Release|Any CPU
		{E5F30E23-AABE-4765-99F3-035FC63944B3}.Release|Any CPU.Build.0 = Release|Any CPU
		{952801F8-615D-4E52-A518-F54D53DD89DE}.Debug|Any CPU.ActiveCfg = Debug|Any CPU
		{952801F8-615D-4E52-A518-F54D53DD89DE}.Debug|Any CPU.Build.0 = Debug|Any CPU
		{952801F8-615D-4E52-A518-F54D53DD89DE}.Release|Any CPU.ActiveCfg = Release|Any CPU
		{952801F8-615D-4E52-A518-F54D53DD89DE}.Release|Any CPU.Build.0 = Release|Any CPU
		{A588F5B3-3579-411B-BC79-DD8BD8485C49}.Debug|Any CPU.ActiveCfg = Debug|Any CPU
		{A588F5B3-3579-411B-BC79-DD8BD8485C49}.Debug|Any CPU.Build.0 = Debug|Any CPU
		{A588F5B3-3579-411B-BC79-DD8BD8485C49}.Release|Any CPU.ActiveCfg = Release|Any CPU
		{A588F5B3-3579-411B-BC79-DD8BD8485C49}.Release|Any CPU.Build.0 = Release|Any CPU
		{63037FFC-F426-456D-8871-418278F5756C}.Debug|Any CPU.ActiveCfg = Debug|Any CPU
		{63037FFC-F426-456D-8871-418278F5756C}.Debug|Any CPU.Build.0 = Debug|Any CPU
		{63037FFC-F426-456D-8871-418278F5756C}.Release|Any CPU.ActiveCfg = Release|Any CPU
		{63037FFC-F426-456D-8871-418278F5756C}.Release|Any CPU.Build.0 = Release|Any CPU
		{71EA3F74-C4C1-43A9-B498-755F8097AE9F}.Debug|Any CPU.ActiveCfg = Debug|Any CPU
		{71EA3F74-C4C1-43A9-B498-755F8097AE9F}.Debug|Any CPU.Build.0 = Debug|Any CPU
		{71EA3F74-C4C1-43A9-B498-755F8097AE9F}.Release|Any CPU.ActiveCfg = Release|Any CPU
		{71EA3F74-C4C1-43A9-B498-755F8097AE9F}.Release|Any CPU.Build.0 = Release|Any CPU
		{B86895C9-7291-4B71-A52C-60E238AD2DA4}.Debug|Any CPU.ActiveCfg = Debug|Any CPU
		{B86895C9-7291-4B71-A52C-60E238AD2DA4}.Debug|Any CPU.Build.0 = Debug|Any CPU
		{B86895C9-7291-4B71-A52C-60E238AD2DA4}.Release|Any CPU.ActiveCfg = Release|Any CPU
		{B86895C9-7291-4B71-A52C-60E238AD2DA4}.Release|Any CPU.Build.0 = Release|Any CPU
		{0E569B5D-F6B6-4AC1-A862-2AC03CD46B74}.Debug|Any CPU.ActiveCfg = Debug|Any CPU
		{0E569B5D-F6B6-4AC1-A862-2AC03CD46B74}.Debug|Any CPU.Build.0 = Debug|Any CPU
		{0E569B5D-F6B6-4AC1-A862-2AC03CD46B74}.Release|Any CPU.ActiveCfg = Release|Any CPU
		{0E569B5D-F6B6-4AC1-A862-2AC03CD46B74}.Release|Any CPU.Build.0 = Release|Any CPU
		{D357C296-12E2-4236-91D3-9606971B16E6}.Debug|Any CPU.ActiveCfg = Debug|Any CPU
		{D357C296-12E2-4236-91D3-9606971B16E6}.Debug|Any CPU.Build.0 = Debug|Any CPU
		{D357C296-12E2-4236-91D3-9606971B16E6}.Release|Any CPU.ActiveCfg = Release|Any CPU
		{D357C296-12E2-4236-91D3-9606971B16E6}.Release|Any CPU.Build.0 = Release|Any CPU
		{C514CAD0-5EE3-4F20-AD08-4A5E497F9008}.Debug|Any CPU.ActiveCfg = Debug|Any CPU
		{C514CAD0-5EE3-4F20-AD08-4A5E497F9008}.Debug|Any CPU.Build.0 = Debug|Any CPU
		{C514CAD0-5EE3-4F20-AD08-4A5E497F9008}.Release|Any CPU.ActiveCfg = Release|Any CPU
		{C514CAD0-5EE3-4F20-AD08-4A5E497F9008}.Release|Any CPU.Build.0 = Release|Any CPU
		{D5E6D3C1-01B2-4A88-BDB1-58192B7D6FB7}.Debug|Any CPU.ActiveCfg = Debug|Any CPU
		{D5E6D3C1-01B2-4A88-BDB1-58192B7D6FB7}.Debug|Any CPU.Build.0 = Debug|Any CPU
		{D5E6D3C1-01B2-4A88-BDB1-58192B7D6FB7}.Release|Any CPU.ActiveCfg = Release|Any CPU
		{D5E6D3C1-01B2-4A88-BDB1-58192B7D6FB7}.Release|Any CPU.Build.0 = Release|Any CPU
		{FF3F1BE5-BB87-4B63-8EC7-52FAE76542B7}.Debug|Any CPU.ActiveCfg = Debug|Any CPU
		{FF3F1BE5-BB87-4B63-8EC7-52FAE76542B7}.Debug|Any CPU.Build.0 = Debug|Any CPU
		{FF3F1BE5-BB87-4B63-8EC7-52FAE76542B7}.Release|Any CPU.ActiveCfg = Release|Any CPU
		{FF3F1BE5-BB87-4B63-8EC7-52FAE76542B7}.Release|Any CPU.Build.0 = Release|Any CPU
	EndGlobalSection
	GlobalSection(NestedProjects) = preSolution
		{E5F30E23-AABE-4765-99F3-035FC63944B3} = {D0D1C649-0380-4215-BB98-E9CB894967FE}
		{952801F8-615D-4E52-A518-F54D53DD89DE} = {D0D1C649-0380-4215-BB98-E9CB894967FE}
		{A588F5B3-3579-411B-BC79-DD8BD8485C49} = {D0D1C649-0380-4215-BB98-E9CB894967FE}
		{71EA3F74-C4C1-43A9-B498-755F8097AE9F} = {29B5F656-D89D-4AE7-B351-06889E5C5B37}
		{0E569B5D-F6B6-4AC1-A862-2AC03CD46B74} = {29B5F656-D89D-4AE7-B351-06889E5C5B37}
		{D357C296-12E2-4236-91D3-9606971B16E6} = {29B5F656-D89D-4AE7-B351-06889E5C5B37}
		{C514CAD0-5EE3-4F20-AD08-4A5E497F9008} = {D0D1C649-0380-4215-BB98-E9CB894967FE}
		{FF3F1BE5-BB87-4B63-8EC7-52FAE76542B7} = {29B5F656-D89D-4AE7-B351-06889E5C5B37}
	EndGlobalSection
EndGlobal
